
Microsoft Visual Studio Solution File, Format Version 11.00
# Visual Studio 2012
Project("{8BC9CEB8-8B4A-11D0-8D11-00A0C91BC942}") = "3d", "3d.vcxproj", "{6A8C8905-FD65-41D8-9727-3723048D8C97}"
EndProject
Project("{8BC9CEB8-8B4A-11D0-8D11-00A0C91BC942}") = "event_parameter", "event_parameter.vcxproj", "{70239FEA-9FB2-4749-8F14-3BDCF341C05F}"
EndProject
Project("{8BC9CEB8-8B4A-11D0-8D11-00A0C91BC942}") = "load_banks", "load_banks.vcxproj", "{EBB0C203-CBEE-429B-823B-3B6A031D806A}"
EndProject
Project("{8BC9CEB8-8B4A-11D0-8D11-00A0C91BC942}") = "music_callbacks", "music_callbacks.vcxproj", "{C440A26C-EAB3-45B5-87F5-51487321CF22}"
EndProject
Project("{8BC9CEB8-8B4A-11D0-8D11-00A0C91BC942}") = "objectpan", "objectpan.vcxproj", "{530D6A77-F0C1-4E15-94DC-EE32DDB1B1C9}"
EndProject
Project("{8BC9CEB8-8B4A-11D0-8D11-00A0C91BC942}") = "programmer_sound", "programmer_sound.vcxproj", "{034CF0DB-173C-4E0B-9886-142573CD1E90}"
EndProject
Project("{8BC9CEB8-8B4A-11D0-8D11-00A0C91BC942}") = "recording_playback", "recording_playback.vcxproj", "{B4058240-4213-43DA-A869-B454E62B43E6}"
EndProject
Project("{8BC9CEB8-8B4A-11D0-8D11-00A0C91BC942}") = "simple_event", "simple_event.vcxproj", "{DBFE4F4A-E674-4D66-9EEF-7B093180C6FE}"
EndProject
Global
	GlobalSection(SolutionConfigurationPlatforms) = preSolution
		Debug|Win32 = Debug|Win32
		Debug|x64 = Debug|x64
		Release|Win32 = Release|Win32
		Release|x64 = Release|x64
	EndGlobalSection
	GlobalSection(ProjectConfigurationPlatforms) = postSolution
		{6A8C8905-FD65-41D8-9727-3723048D8C97}.Debug|Win32.ActiveCfg = Debug|Win32
		{6A8C8905-FD65-41D8-9727-3723048D8C97}.Debug|Win32.Build.0 = Debug|Win32
		{6A8C8905-FD65-41D8-9727-3723048D8C97}.Debug|Win32.Deploy.0 = Debug|Win32
		{6A8C8905-FD65-41D8-9727-3723048D8C97}.Debug|x64.ActiveCfg = Debug|x64
		{6A8C8905-FD65-41D8-9727-3723048D8C97}.Debug|x64.Build.0 = Debug|x64
		{6A8C8905-FD65-41D8-9727-3723048D8C97}.Debug|x64.Deploy.0 = Debug|x64
		{6A8C8905-FD65-41D8-9727-3723048D8C97}.Release|Win32.ActiveCfg = Release|Win32
		{6A8C8905-FD65-41D8-9727-3723048D8C97}.Release|Win32.Build.0 = Release|Win32
		{6A8C8905-FD65-41D8-9727-3723048D8C97}.Release|Win32.Deploy.0 = Release|Win32
		{6A8C8905-FD65-41D8-9727-3723048D8C97}.Release|x64.ActiveCfg = Release|x64
		{6A8C8905-FD65-41D8-9727-3723048D8C97}.Release|x64.Build.0 = Release|x64
		{6A8C8905-FD65-41D8-9727-3723048D8C97}.Release|x64.Deploy.0 = Release|x64
		{70239FEA-9FB2-4749-8F14-3BDCF341C05F}.Debug|Win32.ActiveCfg = Debug|Win32
		{70239FEA-9FB2-4749-8F14-3BDCF341C05F}.Debug|Win32.Build.0 = Debug|Win32
		{70239FEA-9FB2-4749-8F14-3BDCF341C05F}.Debug|Win32.Deploy.0 = Debug|Win32
		{70239FEA-9FB2-4749-8F14-3BDCF341C05F}.Debug|x64.ActiveCfg = Debug|x64
		{70239FEA-9FB2-4749-8F14-3BDCF341C05F}.Debug|x64.Build.0 = Debug|x64
		{70239FEA-9FB2-4749-8F14-3BDCF341C05F}.Debug|x64.Deploy.0 = Debug|x64
		{70239FEA-9FB2-4749-8F14-3BDCF341C05F}.Release|Win32.ActiveCfg = Release|Win32
		{70239FEA-9FB2-4749-8F14-3BDCF341C05F}.Release|Win32.Build.0 = Release|Win32
		{70239FEA-9FB2-4749-8F14-3BDCF341C05F}.Release|Win32.Deploy.0 = Release|Win32
		{70239FEA-9FB2-4749-8F14-3BDCF341C05F}.Release|x64.ActiveCfg = Release|x64
		{70239FEA-9FB2-4749-8F14-3BDCF341C05F}.Release|x64.Build.0 = Release|x64
		{70239FEA-9FB2-4749-8F14-3BDCF341C05F}.Release|x64.Deploy.0 = Release|x64
		{EBB0C203-CBEE-429B-823B-3B6A031D806A}.Debug|Win32.ActiveCfg = Debug|Win32
		{EBB0C203-CBEE-429B-823B-3B6A031D806A}.Debug|Win32.Build.0 = Debug|Win32
		{EBB0C203-CBEE-429B-823B-3B6A031D806A}.Debug|Win32.Deploy.0 = Debug|Win32
		{EBB0C203-CBEE-429B-823B-3B6A031D806A}.Debug|x64.ActiveCfg = Debug|x64
		{EBB0C203-CBEE-429B-823B-3B6A031D806A}.Debug|x64.Build.0 = Debug|x64
		{EBB0C203-CBEE-429B-823B-3B6A031D806A}.Debug|x64.Deploy.0 = Debug|x64
		{EBB0C203-CBEE-429B-823B-3B6A031D806A}.Release|Win32.ActiveCfg = Release|Win32
		{EBB0C203-CBEE-429B-823B-3B6A031D806A}.Release|Win32.Build.0 = Release|Win32
		{EBB0C203-CBEE-429B-823B-3B6A031D806A}.Release|Win32.Deploy.0 = Release|Win32
		{EBB0C203-CBEE-429B-823B-3B6A031D806A}.Release|x64.ActiveCfg = Release|x64
		{EBB0C203-CBEE-429B-823B-3B6A031D806A}.Release|x64.Build.0 = Release|x64
		{EBB0C203-CBEE-429B-823B-3B6A031D806A}.Release|x64.Deploy.0 = Release|x64
		{C440A26C-EAB3-45B5-87F5-51487321CF22}.Debug|Win32.ActiveCfg = Debug|Win32
		{C440A26C-EAB3-45B5-87F5-51487321CF22}.Debug|Win32.Build.0 = Debug|Win32
		{C440A26C-EAB3-45B5-87F5-51487321CF22}.Debug|Win32.Deploy.0 = Debug|Win32
		{C440A26C-EAB3-45B5-87F5-51487321CF22}.Debug|x64.ActiveCfg = Debug|x64
		{C440A26C-EAB3-45B5-87F5-51487321CF22}.Debug|x64.Build.0 = Debug|x64
		{C440A26C-EAB3-45B5-87F5-51487321CF22}.Debug|x64.Deploy.0 = Debug|x64
		{C440A26C-EAB3-45B5-87F5-51487321CF22}.Release|Win32.ActiveCfg = Release|Win32
		{C440A26C-EAB3-45B5-87F5-51487321CF22}.Release|Win32.Build.0 = Release|Win32
		{C440A26C-EAB3-45B5-87F5-51487321CF22}.Release|Win32.Deploy.0 = Release|Win32
		{C440A26C-EAB3-45B5-87F5-51487321CF22}.Release|x64.ActiveCfg = Release|x64
		{C440A26C-EAB3-45B5-87F5-51487321CF22}.Release|x64.Build.0 = Release|x64
		{C440A26C-EAB3-45B5-87F5-51487321CF22}.Release|x64.Deploy.0 = Release|x64
		{530D6A77-F0C1-4E15-94DC-EE32DDB1B1C9}.Debug|Win32.ActiveCfg = Debug|Win32
		{530D6A77-F0C1-4E15-94DC-EE32DDB1B1C9}.Debug|Win32.Build.0 = Debug|Win32
		{530D6A77-F0C1-4E15-94DC-EE32DDB1B1C9}.Debug|Win32.Deploy.0 = Debug|Win32
		{530D6A77-F0C1-4E15-94DC-EE32DDB1B1C9}.Debug|x64.ActiveCfg = Debug|x64
		{530D6A77-F0C1-4E15-94DC-EE32DDB1B1C9}.Debug|x64.Build.0 = Debug|x64
		{530D6A77-F0C1-4E15-94DC-EE32DDB1B1C9}.Debug|x64.Deploy.0 = Debug|x64
		{530D6A77-F0C1-4E15-94DC-EE32DDB1B1C9}.Release|Win32.ActiveCfg = Release|Win32
		{530D6A77-F0C1-4E15-94DC-EE32DDB1B1C9}.Release|Win32.Build.0 = Release|Win32
		{530D6A77-F0C1-4E15-94DC-EE32DDB1B1C9}.Release|Win32.Deploy.0 = Release|Win32
		{530D6A77-F0C1-4E15-94DC-EE32DDB1B1C9}.Release|x64.ActiveCfg = Release|x64
		{530D6A77-F0C1-4E15-94DC-EE32DDB1B1C9}.Release|x64.Build.0 = Release|x64
		{530D6A77-F0C1-4E15-94DC-EE32DDB1B1C9}.Release|x64.Deploy.0 = Release|x64
		{034CF0DB-173C-4E0B-9886-142573CD1E90}.Debug|Win32.ActiveCfg = Debug|Win32
		{034CF0DB-173C-4E0B-9886-142573CD1E90}.Debug|Win32.Build.0 = Debug|Win32
		{034CF0DB-173C-4E0B-9886-142573CD1E90}.Debug|Win32.Deploy.0 = Debug|Win32
		{034CF0DB-173C-4E0B-9886-142573CD1E90}.Debug|x64.ActiveCfg = Debug|x64
		{034CF0DB-173C-4E0B-9886-142573CD1E90}.Debug|x64.Build.0 = Debug|x64
		{034CF0DB-173C-4E0B-9886-142573CD1E90}.Debug|x64.Deploy.0 = Debug|x64
		{034CF0DB-173C-4E0B-9886-142573CD1E90}.Release|Win32.ActiveCfg = Release|Win32
		{034CF0DB-173C-4E0B-9886-142573CD1E90}.Release|Win32.Build.0 = Release|Win32
		{034CF0DB-173C-4E0B-9886-142573CD1E90}.Release|Win32.Deploy.0 = Release|Win32
		{034CF0DB-173C-4E0B-9886-142573CD1E90}.Release|x64.ActiveCfg = Release|x64
		{034CF0DB-173C-4E0B-9886-142573CD1E90}.Release|x64.Build.0 = Release|x64
		{034CF0DB-173C-4E0B-9886-142573CD1E90}.Release|x64.Deploy.0 = Release|x64
		{B4058240-4213-43DA-A869-B454E62B43E6}.Debug|Win32.ActiveCfg = Debug|Win32
		{B4058240-4213-43DA-A869-B454E62B43E6}.Debug|Win32.Build.0 = Debug|Win32
		{B4058240-4213-43DA-A869-B454E62B43E6}.Debug|Win32.Deploy.0 = Debug|Win32
		{B4058240-4213-43DA-A869-B454E62B43E6}.Debug|x64.ActiveCfg = Debug|x64
		{B4058240-4213-43DA-A869-B454E62B43E6}.Debug|x64.Build.0 = Debug|x64
		{B4058240-4213-43DA-A869-B454E62B43E6}.Debug|x64.Deploy.0 = Debug|x64
		{B4058240-4213-43DA-A869-B454E62B43E6}.Release|Win32.ActiveCfg = Release|Win32
		{B4058240-4213-43DA-A869-B454E62B43E6}.Release|Win32.Build.0 = Release|Win32
		{B4058240-4213-43DA-A869-B454E62B43E6}.Release|Win32.Deploy.0 = Release|Win32
		{B4058240-4213-43DA-A869-B454E62B43E6}.Release|x64.ActiveCfg = Release|x64
		{B4058240-4213-43DA-A869-B454E62B43E6}.Release|x64.Build.0 = Release|x64
		{B4058240-4213-43DA-A869-B454E62B43E6}.Release|x64.Deploy.0 = Release|x64
		{DBFE4F4A-E674-4D66-9EEF-7B093180C6FE}.Debug|Win32.ActiveCfg = Debug|Win32
		{DBFE4F4A-E674-4D66-9EEF-7B093180C6FE}.Debug|Win32.Build.0 = Debug|Win32
		{DBFE4F4A-E674-4D66-9EEF-7B093180C6FE}.Debug|Win32.Deploy.0 = Debug|Win32
		{DBFE4F4A-E674-4D66-9EEF-7B093180C6FE}.Debug|x64.ActiveCfg = Debug|x64
		{DBFE4F4A-E674-4D66-9EEF-7B093180C6FE}.Debug|x64.Build.0 = Debug|x64
		{DBFE4F4A-E674-4D66-9EEF-7B093180C6FE}.Debug|x64.Deploy.0 = Debug|x64
		{DBFE4F4A-E674-4D66-9EEF-7B093180C6FE}.Release|Win32.ActiveCfg = Release|Win32
		{DBFE4F4A-E674-4D66-9EEF-7B093180C6FE}.Release|Win32.Build.0 = Release|Win32
		{DBFE4F4A-E674-4D66-9EEF-7B093180C6FE}.Release|Win32.Deploy.0 = Release|Win32
		{DBFE4F4A-E674-4D66-9EEF-7B093180C6FE}.Release|x64.ActiveCfg = Release|x64
		{DBFE4F4A-E674-4D66-9EEF-7B093180C6FE}.Release|x64.Build.0 = Release|x64
		{DBFE4F4A-E674-4D66-9EEF-7B093180C6FE}.Release|x64.Deploy.0 = Release|x64
	EndGlobalSection
	GlobalSection(SolutionProperties) = preSolution
		HideSolutionNode = FALSE
	EndGlobalSection
EndGlobal
