
Microsoft Visual Studio Solution File, Format Version 11.00
# Visual Studio 2010
Project("{8BC9CEB8-8B4A-11D0-8D11-00A0C91BC942}") = "3d", "3d.vcxproj", "{D502F586-8BC0-41EE-9E35-7FF8C103BE42}"
EndProject
Project("{8BC9CEB8-8B4A-11D0-8D11-00A0C91BC942}") = "event_parameter", "event_parameter.vcxproj", "{209ED219-D465-4CD9-839D-DB3A4DE9F48E}"
EndProject
Project("{8BC9CEB8-8B4A-11D0-8D11-00A0C91BC942}") = "load_banks", "load_banks.vcxproj", "{14EE3B11-4F46-4F26-B4CD-6A6E8BC83AEC}"
EndProject
Project("{8BC9CEB8-8B4A-11D0-8D11-00A0C91BC942}") = "music_callbacks", "music_callbacks.vcxproj", "{73E3FA45-4041-4EA4-84D7-D5773E5D473A}"
EndProject
Project("{8BC9CEB8-8B4A-11D0-8D11-00A0C91BC942}") = "objectpan", "objectpan.vcxproj", "{29F6A025-CE51-42B2-9A20-868E4A7D5BCF}"
EndProject
Project("{8BC9CEB8-8B4A-11D0-8D11-00A0C91BC942}") = "programmer_sound", "programmer_sound.vcxproj", "{5C82CB9E-99E5-4D50-B02D-4130B20CDCC2}"
EndProject
Project("{8BC9CEB8-8B4A-11D0-8D11-00A0C91BC942}") = "recording_playback", "recording_playback.vcxproj", "{DAD36934-7695-4EDE-BCB0-E8F8A9D0E493}"
EndProject
Project("{8BC9CEB8-8B4A-11D0-8D11-00A0C91BC942}") = "simple_event", "simple_event.vcxproj", "{3970387C-038A-4838-9FBB-4F1D64B70865}"
EndProject
Global
	GlobalSection(SolutionConfigurationPlatforms) = preSolution
		Debug|Win32 = Debug|Win32
		Debug|x64 = Debug|x64
		Release|Win32 = Release|Win32
		Release|x64 = Release|x64
	EndGlobalSection
	GlobalSection(ProjectConfigurationPlatforms) = postSolution
		{D502F586-8BC0-41EE-9E35-7FF8C103BE42}.Debug|Win32.ActiveCfg = Debug|Win32
		{D502F586-8BC0-41EE-9E35-7FF8C103BE42}.Debug|Win32.Build.0 = Debug|Win32
		{D502F586-8BC0-41EE-9E35-7FF8C103BE42}.Debug|Win32.Deploy.0 = Debug|Win32
		{D502F586-8BC0-41EE-9E35-7FF8C103BE42}.Debug|x64.ActiveCfg = Debug|x64
		{D502F586-8BC0-41EE-9E35-7FF8C103BE42}.Debug|x64.Build.0 = Debug|x64
		{D502F586-8BC0-41EE-9E35-7FF8C103BE42}.Debug|x64.Deploy.0 = Debug|x64
		{D502F586-8BC0-41EE-9E35-7FF8C103BE42}.Release|Win32.ActiveCfg = Release|Win32
		{D502F586-8BC0-41EE-9E35-7FF8C103BE42}.Release|Win32.Build.0 = Release|Win32
		{D502F586-8BC0-41EE-9E35-7FF8C103BE42}.Release|Win32.Deploy.0 = Release|Win32
		{D502F586-8BC0-41EE-9E35-7FF8C103BE42}.Release|x64.ActiveCfg = Release|x64
		{D502F586-8BC0-41EE-9E35-7FF8C103BE42}.Release|x64.Build.0 = Release|x64
		{D502F586-8BC0-41EE-9E35-7FF8C103BE42}.Release|x64.Deploy.0 = Release|x64
		{209ED219-D465-4CD9-839D-DB3A4DE9F48E}.Debug|Win32.ActiveCfg = Debug|Win32
		{209ED219-D465-4CD9-839D-DB3A4DE9F48E}.Debug|Win32.Build.0 = Debug|Win32
		{209ED219-D465-4CD9-839D-DB3A4DE9F48E}.Debug|Win32.Deploy.0 = Debug|Win32
		{209ED219-D465-4CD9-839D-DB3A4DE9F48E}.Debug|x64.ActiveCfg = Debug|x64
		{209ED219-D465-4CD9-839D-DB3A4DE9F48E}.Debug|x64.Build.0 = Debug|x64
		{209ED219-D465-4CD9-839D-DB3A4DE9F48E}.Debug|x64.Deploy.0 = Debug|x64
		{209ED219-D465-4CD9-839D-DB3A4DE9F48E}.Release|Win32.ActiveCfg = Release|Win32
		{209ED219-D465-4CD9-839D-DB3A4DE9F48E}.Release|Win32.Build.0 = Release|Win32
		{209ED219-D465-4CD9-839D-DB3A4DE9F48E}.Release|Win32.Deploy.0 = Release|Win32
		{209ED219-D465-4CD9-839D-DB3A4DE9F48E}.Release|x64.ActiveCfg = Release|x64
		{209ED219-D465-4CD9-839D-DB3A4DE9F48E}.Release|x64.Build.0 = Release|x64
		{209ED219-D465-4CD9-839D-DB3A4DE9F48E}.Release|x64.Deploy.0 = Release|x64
		{14EE3B11-4F46-4F26-B4CD-6A6E8BC83AEC}.Debug|Win32.ActiveCfg = Debug|Win32
		{14EE3B11-4F46-4F26-B4CD-6A6E8BC83AEC}.Debug|Win32.Build.0 = Debug|Win32
		{14EE3B11-4F46-4F26-B4CD-6A6E8BC83AEC}.Debug|Win32.Deploy.0 = Debug|Win32
		{14EE3B11-4F46-4F26-B4CD-6A6E8BC83AEC}.Debug|x64.ActiveCfg = Debug|x64
		{14EE3B11-4F46-4F26-B4CD-6A6E8BC83AEC}.Debug|x64.Build.0 = Debug|x64
		{14EE3B11-4F46-4F26-B4CD-6A6E8BC83AEC}.Debug|x64.Deploy.0 = Debug|x64
		{14EE3B11-4F46-4F26-B4CD-6A6E8BC83AEC}.Release|Win32.ActiveCfg = Release|Win32
		{14EE3B11-4F46-4F26-B4CD-6A6E8BC83AEC}.Release|Win32.Build.0 = Release|Win32
		{14EE3B11-4F46-4F26-B4CD-6A6E8BC83AEC}.Release|Win32.Deploy.0 = Release|Win32
		{14EE3B11-4F46-4F26-B4CD-6A6E8BC83AEC}.Release|x64.ActiveCfg = Release|x64
		{14EE3B11-4F46-4F26-B4CD-6A6E8BC83AEC}.Release|x64.Build.0 = Release|x64
		{14EE3B11-4F46-4F26-B4CD-6A6E8BC83AEC}.Release|x64.Deploy.0 = Release|x64
		{73E3FA45-4041-4EA4-84D7-D5773E5D473A}.Debug|Win32.ActiveCfg = Debug|Win32
		{73E3FA45-4041-4EA4-84D7-D5773E5D473A}.Debug|Win32.Build.0 = Debug|Win32
		{73E3FA45-4041-4EA4-84D7-D5773E5D473A}.Debug|Win32.Deploy.0 = Debug|Win32
		{73E3FA45-4041-4EA4-84D7-D5773E5D473A}.Debug|x64.ActiveCfg = Debug|x64
		{73E3FA45-4041-4EA4-84D7-D5773E5D473A}.Debug|x64.Build.0 = Debug|x64
		{73E3FA45-4041-4EA4-84D7-D5773E5D473A}.Debug|x64.Deploy.0 = Debug|x64
		{73E3FA45-4041-4EA4-84D7-D5773E5D473A}.Release|Win32.ActiveCfg = Release|Win32
		{73E3FA45-4041-4EA4-84D7-D5773E5D473A}.Release|Win32.Build.0 = Release|Win32
		{73E3FA45-4041-4EA4-84D7-D5773E5D473A}.Release|Win32.Deploy.0 = Release|Win32
		{73E3FA45-4041-4EA4-84D7-D5773E5D473A}.Release|x64.ActiveCfg = Release|x64
		{73E3FA45-4041-4EA4-84D7-D5773E5D473A}.Release|x64.Build.0 = Release|x64
		{73E3FA45-4041-4EA4-84D7-D5773E5D473A}.Release|x64.Deploy.0 = Release|x64
		{29F6A025-CE51-42B2-9A20-868E4A7D5BCF}.Debug|Win32.ActiveCfg = Debug|Win32
		{29F6A025-CE51-42B2-9A20-868E4A7D5BCF}.Debug|Win32.Build.0 = Debug|Win32
		{29F6A025-CE51-42B2-9A20-868E4A7D5BCF}.Debug|Win32.Deploy.0 = Debug|Win32
		{29F6A025-CE51-42B2-9A20-868E4A7D5BCF}.Debug|x64.ActiveCfg = Debug|x64
		{29F6A025-CE51-42B2-9A20-868E4A7D5BCF}.Debug|x64.Build.0 = Debug|x64
		{29F6A025-CE51-42B2-9A20-868E4A7D5BCF}.Debug|x64.Deploy.0 = Debug|x64
		{29F6A025-CE51-42B2-9A20-868E4A7D5BCF}.Release|Win32.ActiveCfg = Release|Win32
		{29F6A025-CE51-42B2-9A20-868E4A7D5BCF}.Release|Win32.Build.0 = Release|Win32
		{29F6A025-CE51-42B2-9A20-868E4A7D5BCF}.Release|Win32.Deploy.0 = Release|Win32
		{29F6A025-CE51-42B2-9A20-868E4A7D5BCF}.Release|x64.ActiveCfg = Release|x64
		{29F6A025-CE51-42B2-9A20-868E4A7D5BCF}.Release|x64.Build.0 = Release|x64
		{29F6A025-CE51-42B2-9A20-868E4A7D5BCF}.Release|x64.Deploy.0 = Release|x64
		{5C82CB9E-99E5-4D50-B02D-4130B20CDCC2}.Debug|Win32.ActiveCfg = Debug|Win32
		{5C82CB9E-99E5-4D50-B02D-4130B20CDCC2}.Debug|Win32.Build.0 = Debug|Win32
		{5C82CB9E-99E5-4D50-B02D-4130B20CDCC2}.Debug|Win32.Deploy.0 = Debug|Win32
		{5C82CB9E-99E5-4D50-B02D-4130B20CDCC2}.Debug|x64.ActiveCfg = Debug|x64
		{5C82CB9E-99E5-4D50-B02D-4130B20CDCC2}.Debug|x64.Build.0 = Debug|x64
		{5C82CB9E-99E5-4D50-B02D-4130B20CDCC2}.Debug|x64.Deploy.0 = Debug|x64
		{5C82CB9E-99E5-4D50-B02D-4130B20CDCC2}.Release|Win32.ActiveCfg = Release|Win32
		{5C82CB9E-99E5-4D50-B02D-4130B20CDCC2}.Release|Win32.Build.0 = Release|Win32
		{5C82CB9E-99E5-4D50-B02D-4130B20CDCC2}.Release|Win32.Deploy.0 = Release|Win32
		{5C82CB9E-99E5-4D50-B02D-4130B20CDCC2}.Release|x64.ActiveCfg = Release|x64
		{5C82CB9E-99E5-4D50-B02D-4130B20CDCC2}.Release|x64.Build.0 = Release|x64
		{5C82CB9E-99E5-4D50-B02D-4130B20CDCC2}.Release|x64.Deploy.0 = Release|x64
		{DAD36934-7695-4EDE-BCB0-E8F8A9D0E493}.Debug|Win32.ActiveCfg = Debug|Win32
		{DAD36934-7695-4EDE-BCB0-E8F8A9D0E493}.Debug|Win32.Build.0 = Debug|Win32
		{DAD36934-7695-4EDE-BCB0-E8F8A9D0E493}.Debug|Win32.Deploy.0 = Debug|Win32
		{DAD36934-7695-4EDE-BCB0-E8F8A9D0E493}.Debug|x64.ActiveCfg = Debug|x64
		{DAD36934-7695-4EDE-BCB0-E8F8A9D0E493}.Debug|x64.Build.0 = Debug|x64
		{DAD36934-7695-4EDE-BCB0-E8F8A9D0E493}.Debug|x64.Deploy.0 = Debug|x64
		{DAD36934-7695-4EDE-BCB0-E8F8A9D0E493}.Release|Win32.ActiveCfg = Release|Win32
		{DAD36934-7695-4EDE-BCB0-E8F8A9D0E493}.Release|Win32.Build.0 = Release|Win32
		{DAD36934-7695-4EDE-BCB0-E8F8A9D0E493}.Release|Win32.Deploy.0 = Release|Win32
		{DAD36934-7695-4EDE-BCB0-E8F8A9D0E493}.Release|x64.ActiveCfg = Release|x64
		{DAD36934-7695-4EDE-BCB0-E8F8A9D0E493}.Release|x64.Build.0 = Release|x64
		{DAD36934-7695-4EDE-BCB0-E8F8A9D0E493}.Release|x64.Deploy.0 = Release|x64
		{3970387C-038A-4838-9FBB-4F1D64B70865}.Debug|Win32.ActiveCfg = Debug|Win32
		{3970387C-038A-4838-9FBB-4F1D64B70865}.Debug|Win32.Build.0 = Debug|Win32
		{3970387C-038A-4838-9FBB-4F1D64B70865}.Debug|Win32.Deploy.0 = Debug|Win32
		{3970387C-038A-4838-9FBB-4F1D64B70865}.Debug|x64.ActiveCfg = Debug|x64
		{3970387C-038A-4838-9FBB-4F1D64B70865}.Debug|x64.Build.0 = Debug|x64
		{3970387C-038A-4838-9FBB-4F1D64B70865}.Debug|x64.Deploy.0 = Debug|x64
		{3970387C-038A-4838-9FBB-4F1D64B70865}.Release|Win32.ActiveCfg = Release|Win32
		{3970387C-038A-4838-9FBB-4F1D64B70865}.Release|Win32.Build.0 = Release|Win32
		{3970387C-038A-4838-9FBB-4F1D64B70865}.Release|Win32.Deploy.0 = Release|Win32
		{3970387C-038A-4838-9FBB-4F1D64B70865}.Release|x64.ActiveCfg = Release|x64
		{3970387C-038A-4838-9FBB-4F1D64B70865}.Release|x64.Build.0 = Release|x64
		{3970387C-038A-4838-9FBB-4F1D64B70865}.Release|x64.Deploy.0 = Release|x64
	EndGlobalSection
	GlobalSection(SolutionProperties) = preSolution
		HideSolutionNode = FALSE
	EndGlobalSection
EndGlobal
